
Microsoft Visual Studio Solution File, Format Version 12.00
# Visual Studio 2013
VisualStudioVersion = 12.0.40629.0
MinimumVisualStudioVersion = 10.0.40219.1
Project("{8BC9CEB8-8B4A-11D0-8D11-00A0C91BC942}") = "Clan2", "Clan2.vcxproj", "{9035A0C9-A05A-478B-8D2F-8FCC6450EA00}"
EndProject
Global
	GlobalSection(SolutionConfigurationPlatforms) = preSolution
		Uni Debug|Win32 = Uni Debug|Win32
		Uni Release|Win32 = Uni Release|Win32
	EndGlobalSection
	GlobalSection(ProjectConfigurationPlatforms) = postSolution
		{9035A0C9-A05A-478B-8D2F-8FCC6450EA00}.Uni Debug|Win32.ActiveCfg = Uni Debug|Win32
		{9035A0C9-A05A-478B-8D2F-8FCC6450EA00}.Uni Debug|Win32.Build.0 = Uni Debug|Win32
		{9035A0C9-A05A-478B-8D2F-8FCC6450EA00}.Uni Release|Win32.ActiveCfg = Uni Release|Win32
		{9035A0C9-A05A-478B-8D2F-8FCC6450EA00}.Uni Release|Win32.Build.0 = Uni Release|Win32
	EndGlobalSection
	GlobalSection(SolutionProperties) = preSolution
		HideSolutionNode = FALSE
	EndGlobalSection
EndGlobal
